
Microsoft Visual Studio Solution File, Format Version 12.00
# Visual Studio Version 17
VisualStudioVersion = 17.8.34330.188
MinimumVisualStudioVersion = 10.0.40219.1
Project("{9A19103F-16F7-4668-BE54-9A1E7A4F7556}") = "MVC_Features", "MVC_Features\MVC_Features.csproj", "{6134F75F-D02A-496D-9397-8A6506FB38FC}"
EndProject
Project("{FAE04EC0-301F-11D3-BF4B-00C04F79EFBC}") = "SOLID", "SOLID\SOLID.csproj", "{1E9EEB43-B464-422D-89F5-8C76D999B279}"
EndProject
Global
	GlobalSection(SolutionConfigurationPlatforms) = preSolution
		Debug|Any CPU = Debug|Any CPU
		Release|Any CPU = Release|Any CPU
	EndGlobalSection
	GlobalSection(ProjectConfigurationPlatforms) = postSolution
		{6134F75F-D02A-496D-9397-8A6506FB38FC}.Debug|Any CPU.ActiveCfg = Debug|Any CPU
		{6134F75F-D02A-496D-9397-8A6506FB38FC}.Debug|Any CPU.Build.0 = Debug|Any CPU
		{6134F75F-D02A-496D-9397-8A6506FB38FC}.Release|Any CPU.ActiveCfg = Release|Any CPU
		{6134F75F-D02A-496D-9397-8A6506FB38FC}.Release|Any CPU.Build.0 = Release|Any CPU
		{1E9EEB43-B464-422D-89F5-8C76D999B279}.Debug|Any CPU.ActiveCfg = Debug|Any CPU
		{1E9EEB43-B464-422D-89F5-8C76D999B279}.Debug|Any CPU.Build.0 = Debug|Any CPU
		{1E9EEB43-B464-422D-89F5-8C76D999B279}.Release|Any CPU.ActiveCfg = Release|Any CPU
		{1E9EEB43-B464-422D-89F5-8C76D999B279}.Release|Any CPU.Build.0 = Release|Any CPU
	EndGlobalSection
	GlobalSection(SolutionProperties) = preSolution
		HideSolutionNode = FALSE
	EndGlobalSection
	GlobalSection(ExtensibilityGlobals) = postSolution
		SolutionGuid = {6E164EEE-6AEB-4D40-9D56-4F292217BF00}
	EndGlobalSection
EndGlobal
